
Microsoft Visual Studio Solution File, Format Version 12.00
# Visual Studio Version 16
VisualStudioVersion = 16.0.29503.13
MinimumVisualStudioVersion = 10.0.40219.1
Project("{F2A71F9B-5D33-465A-A702-920D77279786}") = "FunctionalDataStructures", "FunctionalDataStructures\FunctionalDataStructures.fsproj", "{5932C70D-15D5-4C4A-950D-D59E6E19867A}"
EndProject
Global
	GlobalSection(SolutionConfigurationPlatforms) = preSolution
		Debug|Any CPU = Debug|Any CPU
		Release|Any CPU = Release|Any CPU
	EndGlobalSection
	GlobalSection(ProjectConfigurationPlatforms) = postSolution
		{5932C70D-15D5-4C4A-950D-D59E6E19867A}.Debug|Any CPU.ActiveCfg = Debug|Any CPU
		{5932C70D-15D5-4C4A-950D-D59E6E19867A}.Debug|Any CPU.Build.0 = Debug|Any CPU
		{5932C70D-15D5-4C4A-950D-D59E6E19867A}.Release|Any CPU.ActiveCfg = Release|Any CPU
		{5932C70D-15D5-4C4A-950D-D59E6E19867A}.Release|Any CPU.Build.0 = Release|Any CPU
	EndGlobalSection
	GlobalSection(SolutionProperties) = preSolution
		HideSolutionNode = FALSE
	EndGlobalSection
	GlobalSection(ExtensibilityGlobals) = postSolution
		SolutionGuid = {66F9C62D-A802-47F9-8CF7-1902875D2AD5}
	EndGlobalSection
EndGlobal
